
Microsoft Visual Studio Solution File, Format Version 12.00
# Visual Studio Version 16
VisualStudioVersion = 16.0.32407.337
MinimumVisualStudioVersion = 10.0.40219.1
Project("{FAE04EC0-301F-11D3-BF4B-00C04F79EFBC}") = "MvcCv", "MvcCv\MvcCv.csproj", "{AE71AD68-9EFE-4B24-8C79-E9146CFE7BDB}"
EndProject
Global
	GlobalSection(SolutionConfigurationPlatforms) = preSolution
		Debug|Any CPU = Debug|Any CPU
		Release|Any CPU = Release|Any CPU
	EndGlobalSection
	GlobalSection(ProjectConfigurationPlatforms) = postSolution
		{AE71AD68-9EFE-4B24-8C79-E9146CFE7BDB}.Debug|Any CPU.ActiveCfg = Debug|Any CPU
		{AE71AD68-9EFE-4B24-8C79-E9146CFE7BDB}.Debug|Any CPU.Build.0 = Debug|Any CPU
		{AE71AD68-9EFE-4B24-8C79-E9146CFE7BDB}.Release|Any CPU.ActiveCfg = Release|Any CPU
		{AE71AD68-9EFE-4B24-8C79-E9146CFE7BDB}.Release|Any CPU.Build.0 = Release|Any CPU
	EndGlobalSection
	GlobalSection(SolutionProperties) = preSolution
		HideSolutionNode = FALSE
	EndGlobalSection
	GlobalSection(ExtensibilityGlobals) = postSolution
		SolutionGuid = {5478CA8B-FAB3-430A-AA46-F9F923BF7BB6}
	EndGlobalSection
EndGlobal
